github.com/beorn7/floats v1.0.0 h1:DDiZ9c+GfTNiebVwfH/h92PCNyql+NPM9ownCkZBoHQ=
github.com/beorn7/floats v1.0.0/go.mod h1:8lLhW+eIed2QOMuYw5T1N3KOVor2epFPb2MhX4FuaWw=
github.com/fogleman/simplify v0.0.0-20170216171241-d32f302d5046 h1:n3RPbpwXSFT0G8FYslzMUBDO09Ix8/dlqzvUkcJm4Jk=
github.com/fogleman/simplify v0.0.0-20170216171241-d32f302d5046/go.mod h1:KDwyDqFmVUxUmo7tmqXtyaaJMdGon06y8BD2jmh84CQ=
github.com/go-gl/mathgl v1.2.0/go.mod h1:pf9+b5J3LFP7iZ4XXaVzZrCle0Q/vNpB/vDe5+3ulRE=
github.com/go-test/deep v1.0.1 h1:UQhStjbkDClarlmv0am7OXXO4/GaPdCGiUiMTvi28sg=
github.com/go-test/deep v1.0.1/go.mod h1:wGDj63lr65AM2AQyKZd/NYHGb0R+1RLqB8NKt3aSFNA=
github.com/netisu/aeno v0.1.54 h1:xPXzJfw8Bzdpnx1Zh2y3WARb2zFXV7l7dddpwgJAjC8=
github.com/netisu/aeno v0.1.54/go.mod h1:Ip4b/mARR2oNbzOWLs4HNfYYAMHUEHP0vTsHwNZuqDY=
github.com/nfnt/resize v0.0.0-20180221191011-83c6a9932646 h1:zYyBkD/k9seD2A7fsi6Oo2LfFZAehjjQMERAvZLEDnQ=
github.com/nfnt/resize v0.0.0-20180221191011-83c6a9932646/go.mod h1:jpp1/29i3P1S/RLdc7JQKbRpFeM1dOBd8T9ki5s+AY8=
github.com/qmuntal/gltf v0.28.0 h1:C4A1temWMPtcI2+qNfpfRq8FEJxoBGUN3ZZM8BCc+xU=
github.com/qmuntal/gltf v0.28.0/go.mod h1:YoXZOt0Nc0kIfSKOLZIRoV4FycdC+GzE+3JgiAGYoMs=
